golang.org/x/exp v0.0.0-20220217172124-1812c5b45e43 h1:Xo03zeNci09uW1tocp7+8X7YizAdkD/BKNkl9lsqKHQ=
golang.org/x/exp v0.0.0-20220217172124-1812c5b45e43/go.mod h1:lRnflEfy7nRvpQCcpkwaSP1nkrSyjkyFNcqXKfSXLMc=
golang.org/x/sync v0.0.0-20210220032951-036812b2e83c h1:5KslGYwFpkhGh+Q16bwMP3cOontH8FOep7tGV86Y7SQ=
golang.org/x/sync v0.0.0-20210220032951-036812b2e83c/go.mod h1:RxMgew5VJxzue5/jJTE5uejpjVlOe/izrB70Jof72aM=
